
Microsoft Visual Studio Solution File, Format Version 12.00
# Visual Studio Version 16
VisualStudioVersion = 16.0.31624.102
MinimumVisualStudioVersion = 10.0.40219.1
Project("{FAE04EC0-301F-11D3-BF4B-00C04F79EFBC}") = "FinalProject_Template.UWP", "FinalProject_Template\FinalProject_Template.UWP\FinalProject_Template.UWP.csproj", "{B38BC139-5BBB-405A-BEB9-616F64CBD073}"
EndProject
Project("{FAE04EC0-301F-11D3-BF4B-00C04F79EFBC}") = "FinalProject_Template.Android", "FinalProject_Template\FinalProject_Template.Android\FinalProject_Template.Android.csproj", "{DFCBE7C3-8629-485E-9823-D54932846FD1}"
EndProject
Project("{FAE04EC0-301F-11D3-BF4B-00C04F79EFBC}") = "FinalProject_Template.iOS", "FinalProject_Template\FinalProject_Template.iOS\FinalProject_Template.iOS.csproj", "{2D435267-39E7-49ED-96CA-BD6DDD4CD9EF}"
EndProject
Project("{FAE04EC0-301F-11D3-BF4B-00C04F79EFBC}") = "FinalProject_Template", "FinalProject_Template\FinalProject_Template\FinalProject_Template.csproj", "{4CD02AE8-504C-431E-9659-782C2EA79515}"
EndProject
Global
	GlobalSection(SolutionConfigurationPlatforms) = preSolution
		Debug|Any CPU = Debug|Any CPU
		Debug|ARM = Debug|ARM
		Debug|iPhone = Debug|iPhone
		Debug|iPhoneSimulator = Debug|iPhoneSimulator
		Debug|x64 = Debug|x64
		Debug|x86 = Debug|x86
		Release|Any CPU = Release|Any CPU
		Release|ARM = Release|ARM
		Release|iPhone = Release|iPhone
		Release|iPhoneSimulator = Release|iPhoneSimulator
		Release|x64 = Release|x64
		Release|x86 = Release|x86
	EndGlobalSection
	GlobalSection(ProjectConfigurationPlatforms) = postSolution
		{B38BC139-5BBB-405A-BEB9-616F64CBD073}.Debug|Any CPU.ActiveCfg = Debug|x86
		{B38BC139-5BBB-405A-BEB9-616F64CBD073}.Debug|Any CPU.Build.0 = Debug|x86
		{B38BC139-5BBB-405A-BEB9-616F64CBD073}.Debug|Any CPU.Deploy.0 = Debug|x86
		{B38BC139-5BBB-405A-BEB9-616F64CBD073}.Debug|ARM.ActiveCfg = Debug|ARM
		{B38BC139-5BBB-405A-BEB9-616F64CBD073}.Debug|ARM.Build.0 = Debug|ARM
		{B38BC139-5BBB-405A-BEB9-616F64CBD073}.Debug|ARM.Deploy.0 = Debug|ARM
		{B38BC139-5BBB-405A-BEB9-616F64CBD073}.Debug|iPhone.ActiveCfg = Debug|x86
		{B38BC139-5BBB-405A-BEB9-616F64CBD073}.Debug|iPhone.Build.0 = Debug|x86
		{B38BC139-5BBB-405A-BEB9-616F64CBD073}.Debug|iPhone.Deploy.0 = Debug|x86
		{B38BC139-5BBB-405A-BEB9-616F64CBD073}.Debug|iPhoneSimulator.ActiveCfg = Debug|x86
		{B38BC139-5BBB-405A-BEB9-616F64CBD073}.Debug|iPhoneSimulator.Build.0 = Debug|x86
		{B38BC139-5BBB-405A-BEB9-616F64CBD073}.Debug|iPhoneSimulator.Deploy.0 = Debug|x86
		{B38BC139-5BBB-405A-BEB9-616F64CBD073}.Debug|x64.ActiveCfg = Debug|x64
		{B38BC139-5BBB-405A-BEB9-616F64CBD073}.Debug|x64.Build.0 = Debug|x64
		{B38BC139-5BBB-405A-BEB9-616F64CBD073}.Debug|x64.Deploy.0 = Debug|x64
		{B38BC139-5BBB-405A-BEB9-616F64CBD073}.Debug|x86.ActiveCfg = Debug|x86
		{B38BC139-5BBB-405A-BEB9-616F64CBD073}.Debug|x86.Build.0 = Debug|x86
		{B38BC139-5BBB-405A-BEB9-616F64CBD073}.Debug|x86.Deploy.0 = Debug|x86
		{B38BC139-5BBB-405A-BEB9-616F64CBD073}.Release|Any CPU.ActiveCfg = Release|x86
		{B38BC139-5BBB-405A-BEB9-616F64CBD073}.Release|Any CPU.Build.0 = Release|x86
		{B38BC139-5BBB-405A-BEB9-616F64CBD073}.Release|Any CPU.Deploy.0 = Release|x86
		{B38BC139-5BBB-405A-BEB9-616F64CBD073}.Release|ARM.ActiveCfg = Release|ARM
		{B38BC139-5BBB-405A-BEB9-616F64CBD073}.Release|ARM.Build.0 = Release|ARM
		{B38BC139-5BBB-405A-BEB9-616F64CBD073}.Release|ARM.Deploy.0 = Release|ARM
		{B38BC139-5BBB-405A-BEB9-616F64CBD073}.Release|iPhone.ActiveCfg = Release|x86
		{B38BC139-5BBB-405A-BEB9-616F64CBD073}.Release|iPhone.Build.0 = Release|x86
		{B38BC139-5BBB-405A-BEB9-616F64CBD073}.Release|iPhone.Deploy.0 = Release|x86
		{B38BC139-5BBB-405A-BEB9-616F64CBD073}.Release|iPhoneSimulator.ActiveCfg = Release|x86
		{B38BC139-5BBB-405A-BEB9-616F64CBD073}.Release|iPhoneSimulator.Build.0 = Release|x86
		{B38BC139-5BBB-405A-BEB9-616F64CBD073}.Release|iPhoneSimulator.Deploy.0 = Release|x86
		{B38BC139-5BBB-405A-BEB9-616F64CBD073}.Release|x64.ActiveCfg = Release|x64
		{B38BC139-5BBB-405A-BEB9-616F64CBD073}.Release|x64.Build.0 = Release|x64
		{B38BC139-5BBB-405A-BEB9-616F64CBD073}.Release|x64.Deploy.0 = Release|x64
		{B38BC139-5BBB-405A-BEB9-616F64CBD073}.Release|x86.ActiveCfg = Release|x86
		{B38BC139-5BBB-405A-BEB9-616F64CBD073}.Release|x86.Build.0 = Release|x86
		{B38BC139-5BBB-405A-BEB9-616F64CBD073}.Release|x86.Deploy.0 = Release|x86
		{DFCBE7C3-8629-485E-9823-D54932846FD1}.Debug|Any CPU.ActiveCfg = Debug|Any CPU
		{DFCBE7C3-8629-485E-9823-D54932846FD1}.Debug|Any CPU.Build.0 = Debug|Any CPU
		{DFCBE7C3-8629-485E-9823-D54932846FD1}.Debug|Any CPU.Deploy.0 = Debug|Any CPU
		{DFCBE7C3-8629-485E-9823-D54932846FD1}.Debug|ARM.ActiveCfg = Debug|Any CPU
		{DFCBE7C3-8629-485E-9823-D54932846FD1}.Debug|ARM.Build.0 = Debug|Any CPU
		{DFCBE7C3-8629-485E-9823-D54932846FD1}.Debug|ARM.Deploy.0 = Debug|Any CPU
		{DFCBE7C3-8629-485E-9823-D54932846FD1}.Debug|iPhone.ActiveCfg = Debug|Any CPU
		{DFCBE7C3-8629-485E-9823-D54932846FD1}.Debug|iPhone.Build.0 = Debug|Any CPU
		{DFCBE7C3-8629-485E-9823-D54932846FD1}.Debug|iPhone.Deploy.0 = Debug|Any CPU
		{DFCBE7C3-8629-485E-9823-D54932846FD1}.Debug|iPhoneSimulator.ActiveCfg = Debug|Any CPU
		{DFCBE7C3-8629-485E-9823-D54932846FD1}.Debug|iPhoneSimulator.Build.0 = Debug|Any CPU
		{DFCBE7C3-8629-485E-9823-D54932846FD1}.Debug|iPhoneSimulator.Deploy.0 = Debug|Any CPU
		{DFCBE7C3-8629-485E-9823-D54932846FD1}.Debug|x64.ActiveCfg = Debug|Any CPU
		{DFCBE7C3-8629-485E-9823-D54932846FD1}.Debug|x64.Build.0 = Debug|Any CPU
		{DFCBE7C3-8629-485E-9823-D54932846FD1}.Debug|x64.Deploy.0 = Debug|Any CPU
		{DFCBE7C3-8629-485E-9823-D54932846FD1}.Debug|x86.ActiveCfg = Debug|Any CPU
		{DFCBE7C3-8629-485E-9823-D54932846FD1}.Debug|x86.Build.0 = Debug|Any CPU
		{DFCBE7C3-8629-485E-9823-D54932846FD1}.Debug|x86.Deploy.0 = Debug|Any CPU
		{DFCBE7C3-8629-485E-9823-D54932846FD1}.Release|Any CPU.ActiveCfg = Release|Any CPU
		{DFCBE7C3-8629-485E-9823-D54932846FD1}.Release|Any CPU.Build.0 = Release|Any CPU
		{DFCBE7C3-8629-485E-9823-D54932846FD1}.Release|Any CPU.Deploy.0 = Release|Any CPU
		{DFCBE7C3-8629-485E-9823-D54932846FD1}.Release|ARM.ActiveCfg = Release|Any CPU
		{DFCBE7C3-8629-485E-9823-D54932846FD1}.Release|ARM.Build.0 = Release|Any CPU
		{DFCBE7C3-8629-485E-9823-D54932846FD1}.Release|ARM.Deploy.0 = Release|Any CPU
		{DFCBE7C3-8629-485E-9823-D54932846FD1}.Release|iPhone.ActiveCfg = Release|Any CPU
		{DFCBE7C3-8629-485E-9823-D54932846FD1}.Release|iPhone.Build.0 = Release|Any CPU
		{DFCBE7C3-8629-485E-9823-D54932846FD1}.Release|iPhone.Deploy.0 = Release|Any CPU
		{DFCBE7C3-8629-485E-9823-D54932846FD1}.Release|iPhoneSimulator.ActiveCfg = Release|Any CPU
		{DFCBE7C3-8629-485E-9823-D54932846FD1}.Release|iPhoneSimulator.Build.0 = Release|Any CPU
		{DFCBE7C3-8629-485E-9823-D54932846FD1}.Release|iPhoneSimulator.Deploy.0 = Release|Any CPU
		{DFCBE7C3-8629-485E-9823-D54932846FD1}.Release|x64.ActiveCfg = Release|Any CPU
		{DFCBE7C3-8629-485E-9823-D54932846FD1}.Release|x64.Build.0 = Release|Any CPU
		{DFCBE7C3-8629-485E-9823-D54932846FD1}.Release|x64.Deploy.0 = Release|Any CPU
		{DFCBE7C3-8629-485E-9823-D54932846FD1}.Release|x86.ActiveCfg = Release|Any CPU
		{DFCBE7C3-8629-485E-9823-D54932846FD1}.Release|x86.Build.0 = Release|Any CPU
		{DFCBE7C3-8629-485E-9823-D54932846FD1}.Release|x86.Deploy.0 = Release|Any CPU
		{2D435267-39E7-49ED-96CA-BD6DDD4CD9EF}.Debug|Any CPU.ActiveCfg = Debug|iPhoneSimulator
		{2D435267-39E7-49ED-96CA-BD6DDD4CD9EF}.Debug|Any CPU.Build.0 = Debug|iPhoneSimulator
		{2D435267-39E7-49ED-96CA-BD6DDD4CD9EF}.Debug|Any CPU.Deploy.0 = Debug|iPhoneSimulator
		{2D435267-39E7-49ED-96CA-BD6DDD4CD9EF}.Debug|ARM.ActiveCfg = Debug|iPhone
		{2D435267-39E7-49ED-96CA-BD6DDD4CD9EF}.Debug|ARM.Build.0 = Debug|iPhone
		{2D435267-39E7-49ED-96CA-BD6DDD4CD9EF}.Debug|ARM.Deploy.0 = Debug|iPhone
		{2D435267-39E7-49ED-96CA-BD6DDD4CD9EF}.Debug|iPhone.ActiveCfg = Debug|iPhone
		{2D435267-39E7-49ED-96CA-BD6DDD4CD9EF}.Debug|iPhone.Build.0 = Debug|iPhone
		{2D435267-39E7-49ED-96CA-BD6DDD4CD9EF}.Debug|iPhone.Deploy.0 = Debug|iPhone
		{2D435267-39E7-49ED-96CA-BD6DDD4CD9EF}.Debug|iPhoneSimulator.ActiveCfg = Debug|iPhoneSimulator
		{2D435267-39E7-49ED-96CA-BD6DDD4CD9EF}.Debug|iPhoneSimulator.Build.0 = Debug|iPhoneSimulator
		{2D435267-39E7-49ED-96CA-BD6DDD4CD9EF}.Debug|iPhoneSimulator.Deploy.0 = Debug|iPhoneSimulator
		{2D435267-39E7-49ED-96CA-BD6DDD4CD9EF}.Debug|x64.ActiveCfg = Debug|iPhoneSimulator
		{2D435267-39E7-49ED-96CA-BD6DDD4CD9EF}.Debug|x64.Build.0 = Debug|iPhoneSimulator
		{2D435267-39E7-49ED-96CA-BD6DDD4CD9EF}.Debug|x64.Deploy.0 = Debug|iPhoneSimulator
		{2D435267-39E7-49ED-96CA-BD6DDD4CD9EF}.Debug|x86.ActiveCfg = Debug|iPhoneSimulator
		{2D435267-39E7-49ED-96CA-BD6DDD4CD9EF}.Debug|x86.Build.0 = Debug|iPhoneSimulator
		{2D435267-39E7-49ED-96CA-BD6DDD4CD9EF}.Debug|x86.Deploy.0 = Debug|iPhoneSimulator
		{2D435267-39E7-49ED-96CA-BD6DDD4CD9EF}.Release|Any CPU.ActiveCfg = Release|iPhoneSimulator
		{2D435267-39E7-49ED-96CA-BD6DDD4CD9EF}.Release|Any CPU.Build.0 = Release|iPhoneSimulator
		{2D435267-39E7-49ED-96CA-BD6DDD4CD9EF}.Release|Any CPU.Deploy.0 = Release|iPhoneSimulator
		{2D435267-39E7-49ED-96CA-BD6DDD4CD9EF}.Release|ARM.ActiveCfg = Release|iPhoneSimulator
		{2D435267-39E7-49ED-96CA-BD6DDD4CD9EF}.Release|ARM.Build.0 = Release|iPhoneSimulator
		{2D435267-39E7-49ED-96CA-BD6DDD4CD9EF}.Release|ARM.Deploy.0 = Release|iPhoneSimulator
		{2D435267-39E7-49ED-96CA-BD6DDD4CD9EF}.Release|iPhone.ActiveCfg = Release|iPhone
		{2D435267-39E7-49ED-96CA-BD6DDD4CD9EF}.Release|iPhone.Build.0 = Release|iPhone
		{2D435267-39E7-49ED-96CA-BD6DDD4CD9EF}.Release|iPhone.Deploy.0 = Release|iPhone
		{2D435267-39E7-49ED-96CA-BD6DDD4CD9EF}.Release|iPhoneSimulator.ActiveCfg = Release|iPhoneSimulator
		{2D435267-39E7-49ED-96CA-BD6DDD4CD9EF}.Release|iPhoneSimulator.Build.0 = Release|iPhoneSimulator
		{2D435267-39E7-49ED-96CA-BD6DDD4CD9EF}.Release|iPhoneSimulator.Deploy.0 = Release|iPhoneSimulator
		{2D435267-39E7-49ED-96CA-BD6DDD4CD9EF}.Release|x64.ActiveCfg = Release|iPhoneSimulator
		{2D435267-39E7-49ED-96CA-BD6DDD4CD9EF}.Release|x64.Build.0 = Release|iPhoneSimulator
		{2D435267-39E7-49ED-96CA-BD6DDD4CD9EF}.Release|x64.Deploy.0 = Release|iPhoneSimulator
		{2D435267-39E7-49ED-96CA-BD6DDD4CD9EF}.Release|x86.ActiveCfg = Release|iPhoneSimulator
		{2D435267-39E7-49ED-96CA-BD6DDD4CD9EF}.Release|x86.Build.0 = Release|iPhoneSimulator
		{2D435267-39E7-49ED-96CA-BD6DDD4CD9EF}.Release|x86.Deploy.0 = Release|iPhoneSimulator
		{4CD02AE8-504C-431E-9659-782C2EA79515}.Debug|Any CPU.ActiveCfg = Debug|Any CPU
		{4CD02AE8-504C-431E-9659-782C2EA79515}.Debug|Any CPU.Build.0 = Debug|Any CPU
		{4CD02AE8-504C-431E-9659-782C2EA79515}.Debug|Any CPU.Deploy.0 = Debug|Any CPU
		{4CD02AE8-504C-431E-9659-782C2EA79515}.Debug|ARM.ActiveCfg = Debug|Any CPU
		{4CD02AE8-504C-431E-9659-782C2EA79515}.Debug|ARM.Build.0 = Debug|Any CPU
		{4CD02AE8-504C-431E-9659-782C2EA79515}.Debug|ARM.Deploy.0 = Debug|Any CPU
		{4CD02AE8-504C-431E-9659-782C2EA79515}.Debug|iPhone.ActiveCfg = Debug|Any CPU
		{4CD02AE8-504C-431E-9659-782C2EA79515}.Debug|iPhone.Build.0 = Debug|Any CPU
		{4CD02AE8-504C-431E-9659-782C2EA79515}.Debug|iPhone.Deploy.0 = Debug|Any CPU
		{4CD02AE8-504C-431E-9659-782C2EA79515}.Debug|iPhoneSimulator.ActiveCfg = Debug|Any CPU
		{4CD02AE8-504C-431E-9659-782C2EA79515}.Debug|iPhoneSimulator.Build.0 = Debug|Any CPU
		{4CD02AE8-504C-431E-9659-782C2EA79515}.Debug|iPhoneSimulator.Deploy.0 = Debug|Any CPU
		{4CD02AE8-504C-431E-9659-782C2EA79515}.Debug|x64.ActiveCfg = Debug|Any CPU
		{4CD02AE8-504C-431E-9659-782C2EA79515}.Debug|x64.Build.0 = Debug|Any CPU
		{4CD02AE8-504C-431E-9659-782C2EA79515}.Debug|x64.Deploy.0 = Debug|Any CPU
		{4CD02AE8-504C-431E-9659-782C2EA79515}.Debug|x86.ActiveCfg = Debug|Any CPU
		{4CD02AE8-504C-431E-9659-782C2EA79515}.Debug|x86.Build.0 = Debug|Any CPU
		{4CD02AE8-504C-431E-9659-782C2EA79515}.Debug|x86.Deploy.0 = Debug|Any CPU
		{4CD02AE8-504C-431E-9659-782C2EA79515}.Release|Any CPU.ActiveCfg = Release|Any CPU
		{4CD02AE8-504C-431E-9659-782C2EA79515}.Release|Any CPU.Build.0 = Release|Any CPU
		{4CD02AE8-504C-431E-9659-782C2EA79515}.Release|Any CPU.Deploy.0 = Release|Any CPU
		{4CD02AE8-504C-431E-9659-782C2EA79515}.Release|ARM.ActiveCfg = Release|Any CPU
		{4CD02AE8-504C-431E-9659-782C2EA79515}.Release|ARM.Build.0 = Release|Any CPU
		{4CD02AE8-504C-431E-9659-782C2EA79515}.Release|ARM.Deploy.0 = Release|Any CPU
		{4CD02AE8-504C-431E-9659-782C2EA79515}.Release|iPhone.ActiveCfg = Release|Any CPU
		{4CD02AE8-504C-431E-9659-782C2EA79515}.Release|iPhone.Build.0 = Release|Any CPU
		{4CD02AE8-504C-431E-9659-782C2EA79515}.Release|iPhone.Deploy.0 = Release|Any CPU
		{4CD02AE8-504C-431E-9659-782C2EA79515}.Release|iPhoneSimulator.ActiveCfg = Release|Any CPU
		{4CD02AE8-504C-431E-9659-782C2EA79515}.Release|iPhoneSimulator.Build.0 = Release|Any CPU
		{4CD02AE8-504C-431E-9659-782C2EA79515}.Release|iPhoneSimulator.Deploy.0 = Release|Any CPU
		{4CD02AE8-504C-431E-9659-782C2EA79515}.Release|x64.ActiveCfg = Release|Any CPU
		{4CD02AE8-504C-431E-9659-782C2EA79515}.Release|x64.Build.0 = Release|Any CPU
		{4CD02AE8-504C-431E-9659-782C2EA79515}.Release|x64.Deploy.0 = Release|Any CPU
		{4CD02AE8-504C-431E-9659-782C2EA79515}.Release|x86.ActiveCfg = Release|Any CPU
		{4CD02AE8-504C-431E-9659-782C2EA79515}.Release|x86.Build.0 = Release|Any CPU
		{4CD02AE8-504C-431E-9659-782C2EA79515}.Release|x86.Deploy.0 = Release|Any CPU
	EndGlobalSection
	GlobalSection(SolutionProperties) = preSolution
		HideSolutionNode = FALSE
	EndGlobalSection
	GlobalSection(ExtensibilityGlobals) = postSolution
		SolutionGuid = {75A59E07-8349-425B-B581-BF3756B2F441}
	EndGlobalSection
EndGlobal
